
Microsoft Visual Studio Solution File, Format Version 12.00
# Visual Studio Version 17
VisualStudioVersion = 17.4.33213.308
MinimumVisualStudioVersion = 15.0.26124.0
Project("{2150E333-8FDC-42A3-9474-1A3956D46DE8}") = "Live", "Live", "{90E8A277-9D6C-4434-8A8C-12286472BD55}"
EndProject
Project("{9A19103F-16F7-4668-BE54-9A1E7A4F7556}") = "LiveEventWithDVR", "Live\LiveEventWithDVR\LiveEventWithDVR.csproj", "{FE1891F5-A9C2-4E31-ABFD-10109B36BBB8}"
EndProject
Project("{2150E333-8FDC-42A3-9474-1A3956D46DE8}") = "VideoEncoding", "VideoEncoding", "{83997E86-616B-4C40-9BB3-77AA805BDD4C}"
EndProject
Project("{9A19103F-16F7-4668-BE54-9A1E7A4F7556}") = "Encoding_H264", "VideoEncoding\Encoding_H264\Encoding_H264.csproj", "{157992D6-AB19-4683-8AF4-E5B98E24DEE9}"
EndProject
Project("{2150E333-8FDC-42A3-9474-1A3956D46DE8}") = "AudioAnalytics", "AudioAnalytics", "{3A74015A-1282-4F3E-8A14-B302FB8CFFA9}"
EndProject
Project("{9A19103F-16F7-4668-BE54-9A1E7A4F7556}") = "AudioAnalyzer", "AudioAnalytics\AudioAnalyzer\AudioAnalyzer.csproj", "{E31861FC-2D07-4701-BBA2-C7F56533C22E}"
EndProject
Project("{2150E333-8FDC-42A3-9474-1A3956D46DE8}") = "ContentProtection", "ContentProtection", "{B0C380B6-77AA-4917-9EA4-4A181AE92B87}"
EndProject
Project("{9A19103F-16F7-4668-BE54-9A1E7A4F7556}") = "BasicAESClearKey", "ContentProtection\BasicAESClearKey\BasicAESClearKey.csproj", "{7E0A1FCB-7DC6-47EA-A366-C70FEAB62B4C}"
EndProject
Project("{9A19103F-16F7-4668-BE54-9A1E7A4F7556}") = "BasicPlayReady", "ContentProtection\BasicPlayReady\BasicPlayReady.csproj", "{BA9C6363-2035-452C-8EF5-7C09DDEB4EC5}"
EndProject
Project("{9A19103F-16F7-4668-BE54-9A1E7A4F7556}") = "BasicWidevine", "ContentProtection\BasicWidevine\BasicWidevine.csproj", "{4A280A93-4914-44D1-938C-2CECEBAB9167}"
EndProject
Project("{9A19103F-16F7-4668-BE54-9A1E7A4F7556}") = "OfflineFairPlay", "ContentProtection\OfflineFairPlay\OfflineFairPlay.csproj", "{6E7BD2FA-2A63-4441-9F32-48BA2436820B}"
EndProject
Project("{9A19103F-16F7-4668-BE54-9A1E7A4F7556}") = "OfflinePlayReadyAndWidevine", "ContentProtection\OfflinePlayReadyAndWidevine\OfflinePlayReadyAndWidevine.csproj", "{C0C6331E-1BD3-4438-BCD8-8BDAC521DA63}"
EndProject
Project("{2150E333-8FDC-42A3-9474-1A3956D46DE8}") = "Streaming", "Streaming", "{0C58E8F6-A6E7-4951-8A51-91F580B7E110}"
EndProject
Project("{9A19103F-16F7-4668-BE54-9A1E7A4F7556}") = "AssetFilters", "Streaming\AssetFilters\AssetFilters.csproj", "{FE653362-7574-4731-AE5C-D83376CDD90F}"
EndProject
Project("{9A19103F-16F7-4668-BE54-9A1E7A4F7556}") = "StreamHLSAndDASH", "Streaming\StreamHLSAndDASH\StreamHLSAndDASH.csproj", "{13B07524-BD0B-474F-B0EF-65A5E22BA589}"
EndProject
Project("{9A19103F-16F7-4668-BE54-9A1E7A4F7556}") = "StreamExistingMp4", "Streaming\StreamExistingMp4\StreamExistingMp4.csproj", "{60785C6A-7BF6-471D-9D89-A2B8790BBA75}"
EndProject
Project("{9A19103F-16F7-4668-BE54-9A1E7A4F7556}") = "Encoding_HEVC", "VideoEncoding\Encoding_HEVC\Encoding_HEVC.csproj", "{EA4CE1B9-6A25-4491-8B87-421F63521C92}"
EndProject
Project("{9A19103F-16F7-4668-BE54-9A1E7A4F7556}") = "Encoding_MultiChannel_Audio", "VideoEncoding\Encoding_MultiChannel_Audio\Encoding_MultiChannel_Audio.csproj", "{8673C10B-0E8E-4061-BC51-453DB6B80E0D}"
EndProject
Project("{9A19103F-16F7-4668-BE54-9A1E7A4F7556}") = "Encoding_H264_ContentAware", "VideoEncoding\Encoding_H264_ContentAware\Encoding_H264_ContentAware.csproj", "{DD3BDE6B-1D1F-4DB0-B3C7-F05E9A0F2A69}"
EndProject
Project("{9A19103F-16F7-4668-BE54-9A1E7A4F7556}") = "Encoding_HEVC_ContentAware", "VideoEncoding\Encoding_HEVC_ContentAware\Encoding_HEVC_ContentAware.csproj", "{B98BF4A9-3BEA-470A-9D6C-D951535EBE3B}"
EndProject
Project("{9A19103F-16F7-4668-BE54-9A1E7A4F7556}") = "Encoding_PredefinedPreset", "VideoEncoding\Encoding_PredefinedPreset\Encoding_PredefinedPreset.csproj", "{55B37B4D-C4BD-40B9-A49F-D1A7704398CB}"
EndProject
Project("{9A19103F-16F7-4668-BE54-9A1E7A4F7556}") = "Encoding_SpriteThumbnail", "VideoEncoding\Encoding_SpriteThumbnail\Encoding_SpriteThumbnail.csproj", "{1176A34C-1763-4A05-8E98-153C8F1A4EDC}"
EndProject
Project("{9A19103F-16F7-4668-BE54-9A1E7A4F7556}") = "Encoding_OverlayImage", "VideoEncoding\Encoding_OverlayImage\Encoding_OverlayImage.csproj", "{D565D6EE-7E7D-4897-835F-2296329C6D4D}"
EndProject
Project("{9A19103F-16F7-4668-BE54-9A1E7A4F7556}") = "Encoding_StitchTwoAssets", "VideoEncoding\Encoding_StitchTwoAssets\Encoding_StitchTwoAssets.csproj", "{2BC5DA5C-08D2-47A3-A2FA-B9F2A57B42A4}"
EndProject
Project("{2150E333-8FDC-42A3-9474-1A3956D46DE8}") = "Account", "Account", "{1A42B0C5-1101-44E1-A9D6-CC94319705AE}"
EndProject
Project("{9A19103F-16F7-4668-BE54-9A1E7A4F7556}") = "CreateAccount", "Account\CreateAccount\CreateAccount.csproj", "{8A47C39E-3326-4536-8FB2-80F894B1F30F}"
EndProject
Project("{2150E333-8FDC-42A3-9474-1A3956D46DE8}") = "Solution Items", "Solution Items", "{1308567E-4030-4730-87C2-94DBAC602732}"
	ProjectSection(SolutionItems) = preProject
		.gitignore = .gitignore
		appsettings.json = appsettings.json
		CONTRIBUTING.md = CONTRIBUTING.md
		LICENSE.md = LICENSE.md
		README.md = README.md
	EndProjectSection
EndProject
Project("{9A19103F-16F7-4668-BE54-9A1E7A4F7556}") = "Encoding_H264_ContentAware_Constrained", "VideoEncoding\Encoding_H264_ContentAware_Constrained\Encoding_H264_ContentAware_Constrained.csproj", "{92607C58-5B89-47A1-932A-30CCACA883C4}"
EndProject
Project("{2150E333-8FDC-42A3-9474-1A3956D46DE8}") = "Assets", "Assets", "{E550442C-98D5-430C-9DE8-22E97C99614C}"
EndProject
Project("{9A19103F-16F7-4668-BE54-9A1E7A4F7556}") = "GetAccounts", "Account\GetAccounts\GetAccounts.csproj", "{2772EF4A-9E1F-4F3D-ADC5-7BA3F075BCAF}"
EndProject
Project("{9A19103F-16F7-4668-BE54-9A1E7A4F7556}") = "Quotas", "Account\Quotas\Quotas.csproj", "{3234B0DC-3C65-464A-A012-17979DEF6774}"
EndProject
Project("{9A19103F-16F7-4668-BE54-9A1E7A4F7556}") = "AssetManagement", "Assets\AssetManagement\AssetManagement.csproj", "{9777CD76-00CA-4E93-A3C6-8CBD35BB7D98}"
EndProject
Global
	GlobalSection(SolutionConfigurationPlatforms) = preSolution
		Debug|Any CPU = Debug|Any CPU
		Debug|x64 = Debug|x64
		Debug|x86 = Debug|x86
		Release|Any CPU = Release|Any CPU
		Release|x64 = Release|x64
		Release|x86 = Release|x86
	EndGlobalSection
	GlobalSection(ProjectConfigurationPlatforms) = postSolution
		{FE1891F5-A9C2-4E31-ABFD-10109B36BBB8}.Debug|Any CPU.ActiveCfg = Debug|Any CPU
		{FE1891F5-A9C2-4E31-ABFD-10109B36BBB8}.Debug|Any CPU.Build.0 = Debug|Any CPU
		{FE1891F5-A9C2-4E31-ABFD-10109B36BBB8}.Debug|x64.ActiveCfg = Debug|Any CPU
		{FE1891F5-A9C2-4E31-ABFD-10109B36BBB8}.Debug|x64.Build.0 = Debug|Any CPU
		{FE1891F5-A9C2-4E31-ABFD-10109B36BBB8}.Debug|x86.ActiveCfg = Debug|Any CPU
		{FE1891F5-A9C2-4E31-ABFD-10109B36BBB8}.Debug|x86.Build.0 = Debug|Any CPU
		{FE1891F5-A9C2-4E31-ABFD-10109B36BBB8}.Release|Any CPU.ActiveCfg = Release|Any CPU
		{FE1891F5-A9C2-4E31-ABFD-10109B36BBB8}.Release|Any CPU.Build.0 = Release|Any CPU
		{FE1891F5-A9C2-4E31-ABFD-10109B36BBB8}.Release|x64.ActiveCfg = Release|Any CPU
		{FE1891F5-A9C2-4E31-ABFD-10109B36BBB8}.Release|x64.Build.0 = Release|Any CPU
		{FE1891F5-A9C2-4E31-ABFD-10109B36BBB8}.Release|x86.ActiveCfg = Release|Any CPU
		{FE1891F5-A9C2-4E31-ABFD-10109B36BBB8}.Release|x86.Build.0 = Release|Any CPU
		{157992D6-AB19-4683-8AF4-E5B98E24DEE9}.Debug|Any CPU.ActiveCfg = Debug|Any CPU
		{157992D6-AB19-4683-8AF4-E5B98E24DEE9}.Debug|Any CPU.Build.0 = Debug|Any CPU
		{157992D6-AB19-4683-8AF4-E5B98E24DEE9}.Debug|x64.ActiveCfg = Debug|Any CPU
		{157992D6-AB19-4683-8AF4-E5B98E24DEE9}.Debug|x64.Build.0 = Debug|Any CPU
		{157992D6-AB19-4683-8AF4-E5B98E24DEE9}.Debug|x86.ActiveCfg = Debug|Any CPU
		{157992D6-AB19-4683-8AF4-E5B98E24DEE9}.Debug|x86.Build.0 = Debug|Any CPU
		{157992D6-AB19-4683-8AF4-E5B98E24DEE9}.Release|Any CPU.ActiveCfg = Release|Any CPU
		{157992D6-AB19-4683-8AF4-E5B98E24DEE9}.Release|Any CPU.Build.0 = Release|Any CPU
		{157992D6-AB19-4683-8AF4-E5B98E24DEE9}.Release|x64.ActiveCfg = Release|Any CPU
		{157992D6-AB19-4683-8AF4-E5B98E24DEE9}.Release|x64.Build.0 = Release|Any CPU
		{157992D6-AB19-4683-8AF4-E5B98E24DEE9}.Release|x86.ActiveCfg = Release|Any CPU
		{157992D6-AB19-4683-8AF4-E5B98E24DEE9}.Release|x86.Build.0 = Release|Any CPU
		{E31861FC-2D07-4701-BBA2-C7F56533C22E}.Debug|Any CPU.ActiveCfg = Debug|Any CPU
		{E31861FC-2D07-4701-BBA2-C7F56533C22E}.Debug|Any CPU.Build.0 = Debug|Any CPU
		{E31861FC-2D07-4701-BBA2-C7F56533C22E}.Debug|x64.ActiveCfg = Debug|Any CPU
		{E31861FC-2D07-4701-BBA2-C7F56533C22E}.Debug|x64.Build.0 = Debug|Any CPU
		{E31861FC-2D07-4701-BBA2-C7F56533C22E}.Debug|x86.ActiveCfg = Debug|Any CPU
		{E31861FC-2D07-4701-BBA2-C7F56533C22E}.Debug|x86.Build.0 = Debug|Any CPU
		{E31861FC-2D07-4701-BBA2-C7F56533C22E}.Release|Any CPU.ActiveCfg = Release|Any CPU
		{E31861FC-2D07-4701-BBA2-C7F56533C22E}.Release|Any CPU.Build.0 = Release|Any CPU
		{E31861FC-2D07-4701-BBA2-C7F56533C22E}.Release|x64.ActiveCfg = Release|Any CPU
		{E31861FC-2D07-4701-BBA2-C7F56533C22E}.Release|x64.Build.0 = Release|Any CPU
		{E31861FC-2D07-4701-BBA2-C7F56533C22E}.Release|x86.ActiveCfg = Release|Any CPU
		{E31861FC-2D07-4701-BBA2-C7F56533C22E}.Release|x86.Build.0 = Release|Any CPU
		{7E0A1FCB-7DC6-47EA-A366-C70FEAB62B4C}.Debug|Any CPU.ActiveCfg = Debug|Any CPU
		{7E0A1FCB-7DC6-47EA-A366-C70FEAB62B4C}.Debug|Any CPU.Build.0 = Debug|Any CPU
		{7E0A1FCB-7DC6-47EA-A366-C70FEAB62B4C}.Debug|x64.ActiveCfg = Debug|Any CPU
		{7E0A1FCB-7DC6-47EA-A366-C70FEAB62B4C}.Debug|x64.Build.0 = Debug|Any CPU
		{7E0A1FCB-7DC6-47EA-A366-C70FEAB62B4C}.Debug|x86.ActiveCfg = Debug|Any CPU
		{7E0A1FCB-7DC6-47EA-A366-C70FEAB62B4C}.Debug|x86.Build.0 = Debug|Any CPU
		{7E0A1FCB-7DC6-47EA-A366-C70FEAB62B4C}.Release|Any CPU.ActiveCfg = Release|Any CPU
		{7E0A1FCB-7DC6-47EA-A366-C70FEAB62B4C}.Release|Any CPU.Build.0 = Release|Any CPU
		{7E0A1FCB-7DC6-47EA-A366-C70FEAB62B4C}.Release|x64.ActiveCfg = Release|Any CPU
		{7E0A1FCB-7DC6-47EA-A366-C70FEAB62B4C}.Release|x64.Build.0 = Release|Any CPU
		{7E0A1FCB-7DC6-47EA-A366-C70FEAB62B4C}.Release|x86.ActiveCfg = Release|Any CPU
		{7E0A1FCB-7DC6-47EA-A366-C70FEAB62B4C}.Release|x86.Build.0 = Release|Any CPU
		{BA9C6363-2035-452C-8EF5-7C09DDEB4EC5}.Debug|Any CPU.ActiveCfg = Debug|Any CPU
		{BA9C6363-2035-452C-8EF5-7C09DDEB4EC5}.Debug|Any CPU.Build.0 = Debug|Any CPU
		{BA9C6363-2035-452C-8EF5-7C09DDEB4EC5}.Debug|x64.ActiveCfg = Debug|Any CPU
		{BA9C6363-2035-452C-8EF5-7C09DDEB4EC5}.Debug|x64.Build.0 = Debug|Any CPU
		{BA9C6363-2035-452C-8EF5-7C09DDEB4EC5}.Debug|x86.ActiveCfg = Debug|Any CPU
		{BA9C6363-2035-452C-8EF5-7C09DDEB4EC5}.Debug|x86.Build.0 = Debug|Any CPU
		{BA9C6363-2035-452C-8EF5-7C09DDEB4EC5}.Release|Any CPU.ActiveCfg = Release|Any CPU
		{BA9C6363-2035-452C-8EF5-7C09DDEB4EC5}.Release|Any CPU.Build.0 = Release|Any CPU
		{BA9C6363-2035-452C-8EF5-7C09DDEB4EC5}.Release|x64.ActiveCfg = Release|Any CPU
		{BA9C6363-2035-452C-8EF5-7C09DDEB4EC5}.Release|x64.Build.0 = Release|Any CPU
		{BA9C6363-2035-452C-8EF5-7C09DDEB4EC5}.Release|x86.ActiveCfg = Release|Any CPU
		{BA9C6363-2035-452C-8EF5-7C09DDEB4EC5}.Release|x86.Build.0 = Release|Any CPU
		{4A280A93-4914-44D1-938C-2CECEBAB9167}.Debug|Any CPU.ActiveCfg = Debug|Any CPU
		{4A280A93-4914-44D1-938C-2CECEBAB9167}.Debug|Any CPU.Build.0 = Debug|Any CPU
		{4A280A93-4914-44D1-938C-2CECEBAB9167}.Debug|x64.ActiveCfg = Debug|Any CPU
		{4A280A93-4914-44D1-938C-2CECEBAB9167}.Debug|x64.Build.0 = Debug|Any CPU
		{4A280A93-4914-44D1-938C-2CECEBAB9167}.Debug|x86.ActiveCfg = Debug|Any CPU
		{4A280A93-4914-44D1-938C-2CECEBAB9167}.Debug|x86.Build.0 = Debug|Any CPU
		{4A280A93-4914-44D1-938C-2CECEBAB9167}.Release|Any CPU.ActiveCfg = Release|Any CPU
		{4A280A93-4914-44D1-938C-2CECEBAB9167}.Release|Any CPU.Build.0 = Release|Any CPU
		{4A280A93-4914-44D1-938C-2CECEBAB9167}.Release|x64.ActiveCfg = Release|Any CPU
		{4A280A93-4914-44D1-938C-2CECEBAB9167}.Release|x64.Build.0 = Release|Any CPU
		{4A280A93-4914-44D1-938C-2CECEBAB9167}.Release|x86.ActiveCfg = Release|Any CPU
		{4A280A93-4914-44D1-938C-2CECEBAB9167}.Release|x86.Build.0 = Release|Any CPU
		{6E7BD2FA-2A63-4441-9F32-48BA2436820B}.Debug|Any CPU.ActiveCfg = Debug|Any CPU
		{6E7BD2FA-2A63-4441-9F32-48BA2436820B}.Debug|Any CPU.Build.0 = Debug|Any CPU
		{6E7BD2FA-2A63-4441-9F32-48BA2436820B}.Debug|x64.ActiveCfg = Debug|Any CPU
		{6E7BD2FA-2A63-4441-9F32-48BA2436820B}.Debug|x64.Build.0 = Debug|Any CPU
		{6E7BD2FA-2A63-4441-9F32-48BA2436820B}.Debug|x86.ActiveCfg = Debug|Any CPU
		{6E7BD2FA-2A63-4441-9F32-48BA2436820B}.Debug|x86.Build.0 = Debug|Any CPU
		{6E7BD2FA-2A63-4441-9F32-48BA2436820B}.Release|Any CPU.ActiveCfg = Release|Any CPU
		{6E7BD2FA-2A63-4441-9F32-48BA2436820B}.Release|Any CPU.Build.0 = Release|Any CPU
		{6E7BD2FA-2A63-4441-9F32-48BA2436820B}.Release|x64.ActiveCfg = Release|Any CPU
		{6E7BD2FA-2A63-4441-9F32-48BA2436820B}.Release|x64.Build.0 = Release|Any CPU
		{6E7BD2FA-2A63-4441-9F32-48BA2436820B}.Release|x86.ActiveCfg = Release|Any CPU
		{6E7BD2FA-2A63-4441-9F32-48BA2436820B}.Release|x86.Build.0 = Release|Any CPU
		{C0C6331E-1BD3-4438-BCD8-8BDAC521DA63}.Debug|Any CPU.ActiveCfg = Debug|Any CPU
		{C0C6331E-1BD3-4438-BCD8-8BDAC521DA63}.Debug|Any CPU.Build.0 = Debug|Any CPU
		{C0C6331E-1BD3-4438-BCD8-8BDAC521DA63}.Debug|x64.ActiveCfg = Debug|Any CPU
		{C0C6331E-1BD3-4438-BCD8-8BDAC521DA63}.Debug|x64.Build.0 = Debug|Any CPU
		{C0C6331E-1BD3-4438-BCD8-8BDAC521DA63}.Debug|x86.ActiveCfg = Debug|Any CPU
		{C0C6331E-1BD3-4438-BCD8-8BDAC521DA63}.Debug|x86.Build.0 = Debug|Any CPU
		{C0C6331E-1BD3-4438-BCD8-8BDAC521DA63}.Release|Any CPU.ActiveCfg = Release|Any CPU
		{C0C6331E-1BD3-4438-BCD8-8BDAC521DA63}.Release|Any CPU.Build.0 = Release|Any CPU
		{C0C6331E-1BD3-4438-BCD8-8BDAC521DA63}.Release|x64.ActiveCfg = Release|Any CPU
		{C0C6331E-1BD3-4438-BCD8-8BDAC521DA63}.Release|x64.Build.0 = Release|Any CPU
		{C0C6331E-1BD3-4438-BCD8-8BDAC521DA63}.Release|x86.ActiveCfg = Release|Any CPU
		{C0C6331E-1BD3-4438-BCD8-8BDAC521DA63}.Release|x86.Build.0 = Release|Any CPU
		{FE653362-7574-4731-AE5C-D83376CDD90F}.Debug|Any CPU.ActiveCfg = Debug|Any CPU
		{FE653362-7574-4731-AE5C-D83376CDD90F}.Debug|Any CPU.Build.0 = Debug|Any CPU
		{FE653362-7574-4731-AE5C-D83376CDD90F}.Debug|x64.ActiveCfg = Debug|Any CPU
		{FE653362-7574-4731-AE5C-D83376CDD90F}.Debug|x64.Build.0 = Debug|Any CPU
		{FE653362-7574-4731-AE5C-D83376CDD90F}.Debug|x86.ActiveCfg = Debug|Any CPU
		{FE653362-7574-4731-AE5C-D83376CDD90F}.Debug|x86.Build.0 = Debug|Any CPU
		{FE653362-7574-4731-AE5C-D83376CDD90F}.Release|Any CPU.ActiveCfg = Release|Any CPU
		{FE653362-7574-4731-AE5C-D83376CDD90F}.Release|Any CPU.Build.0 = Release|Any CPU
		{FE653362-7574-4731-AE5C-D83376CDD90F}.Release|x64.ActiveCfg = Release|Any CPU
		{FE653362-7574-4731-AE5C-D83376CDD90F}.Release|x64.Build.0 = Release|Any CPU
		{FE653362-7574-4731-AE5C-D83376CDD90F}.Release|x86.ActiveCfg = Release|Any CPU
		{FE653362-7574-4731-AE5C-D83376CDD90F}.Release|x86.Build.0 = Release|Any CPU
		{13B07524-BD0B-474F-B0EF-65A5E22BA589}.Debug|Any CPU.ActiveCfg = Debug|Any CPU
		{13B07524-BD0B-474F-B0EF-65A5E22BA589}.Debug|Any CPU.Build.0 = Debug|Any CPU
		{13B07524-BD0B-474F-B0EF-65A5E22BA589}.Debug|x64.ActiveCfg = Debug|Any CPU
		{13B07524-BD0B-474F-B0EF-65A5E22BA589}.Debug|x64.Build.0 = Debug|Any CPU
		{13B07524-BD0B-474F-B0EF-65A5E22BA589}.Debug|x86.ActiveCfg = Debug|Any CPU
		{13B07524-BD0B-474F-B0EF-65A5E22BA589}.Debug|x86.Build.0 = Debug|Any CPU
		{13B07524-BD0B-474F-B0EF-65A5E22BA589}.Release|Any CPU.ActiveCfg = Release|Any CPU
		{13B07524-BD0B-474F-B0EF-65A5E22BA589}.Release|Any CPU.Build.0 = Release|Any CPU
		{13B07524-BD0B-474F-B0EF-65A5E22BA589}.Release|x64.ActiveCfg = Release|Any CPU
		{13B07524-BD0B-474F-B0EF-65A5E22BA589}.Release|x64.Build.0 = Release|Any CPU
		{13B07524-BD0B-474F-B0EF-65A5E22BA589}.Release|x86.ActiveCfg = Release|Any CPU
		{13B07524-BD0B-474F-B0EF-65A5E22BA589}.Release|x86.Build.0 = Release|Any CPU
		{60785C6A-7BF6-471D-9D89-A2B8790BBA75}.Debug|Any CPU.ActiveCfg = Debug|Any CPU
		{60785C6A-7BF6-471D-9D89-A2B8790BBA75}.Debug|Any CPU.Build.0 = Debug|Any CPU
		{60785C6A-7BF6-471D-9D89-A2B8790BBA75}.Debug|x64.ActiveCfg = Debug|Any CPU
		{60785C6A-7BF6-471D-9D89-A2B8790BBA75}.Debug|x64.Build.0 = Debug|Any CPU
		{60785C6A-7BF6-471D-9D89-A2B8790BBA75}.Debug|x86.ActiveCfg = Debug|Any CPU
		{60785C6A-7BF6-471D-9D89-A2B8790BBA75}.Debug|x86.Build.0 = Debug|Any CPU
		{60785C6A-7BF6-471D-9D89-A2B8790BBA75}.Release|Any CPU.ActiveCfg = Release|Any CPU
		{60785C6A-7BF6-471D-9D89-A2B8790BBA75}.Release|Any CPU.Build.0 = Release|Any CPU
		{60785C6A-7BF6-471D-9D89-A2B8790BBA75}.Release|x64.ActiveCfg = Release|Any CPU
		{60785C6A-7BF6-471D-9D89-A2B8790BBA75}.Release|x64.Build.0 = Release|Any CPU
		{60785C6A-7BF6-471D-9D89-A2B8790BBA75}.Release|x86.ActiveCfg = Release|Any CPU
		{60785C6A-7BF6-471D-9D89-A2B8790BBA75}.Release|x86.Build.0 = Release|Any CPU
		{EA4CE1B9-6A25-4491-8B87-421F63521C92}.Debug|Any CPU.ActiveCfg = Debug|Any CPU
		{EA4CE1B9-6A25-4491-8B87-421F63521C92}.Debug|Any CPU.Build.0 = Debug|Any CPU
		{EA4CE1B9-6A25-4491-8B87-421F63521C92}.Debug|x64.ActiveCfg = Debug|Any CPU
		{EA4CE1B9-6A25-4491-8B87-421F63521C92}.Debug|x64.Build.0 = Debug|Any CPU
		{EA4CE1B9-6A25-4491-8B87-421F63521C92}.Debug|x86.ActiveCfg = Debug|Any CPU
		{EA4CE1B9-6A25-4491-8B87-421F63521C92}.Debug|x86.Build.0 = Debug|Any CPU
		{EA4CE1B9-6A25-4491-8B87-421F63521C92}.Release|Any CPU.ActiveCfg = Release|Any CPU
		{EA4CE1B9-6A25-4491-8B87-421F63521C92}.Release|Any CPU.Build.0 = Release|Any CPU
		{EA4CE1B9-6A25-4491-8B87-421F63521C92}.Release|x64.ActiveCfg = Release|Any CPU
		{EA4CE1B9-6A25-4491-8B87-421F63521C92}.Release|x64.Build.0 = Release|Any CPU
		{EA4CE1B9-6A25-4491-8B87-421F63521C92}.Release|x86.ActiveCfg = Release|Any CPU
		{EA4CE1B9-6A25-4491-8B87-421F63521C92}.Release|x86.Build.0 = Release|Any CPU
		{8673C10B-0E8E-4061-BC51-453DB6B80E0D}.Debug|Any CPU.ActiveCfg = Debug|Any CPU
		{8673C10B-0E8E-4061-BC51-453DB6B80E0D}.Debug|Any CPU.Build.0 = Debug|Any CPU
		{8673C10B-0E8E-4061-BC51-453DB6B80E0D}.Debug|x64.ActiveCfg = Debug|Any CPU
		{8673C10B-0E8E-4061-BC51-453DB6B80E0D}.Debug|x64.Build.0 = Debug|Any CPU
		{8673C10B-0E8E-4061-BC51-453DB6B80E0D}.Debug|x86.ActiveCfg = Debug|Any CPU
		{8673C10B-0E8E-4061-BC51-453DB6B80E0D}.Debug|x86.Build.0 = Debug|Any CPU
		{8673C10B-0E8E-4061-BC51-453DB6B80E0D}.Release|Any CPU.ActiveCfg = Release|Any CPU
		{8673C10B-0E8E-4061-BC51-453DB6B80E0D}.Release|Any CPU.Build.0 = Release|Any CPU
		{8673C10B-0E8E-4061-BC51-453DB6B80E0D}.Release|x64.ActiveCfg = Release|Any CPU
		{8673C10B-0E8E-4061-BC51-453DB6B80E0D}.Release|x64.Build.0 = Release|Any CPU
		{8673C10B-0E8E-4061-BC51-453DB6B80E0D}.Release|x86.ActiveCfg = Release|Any CPU
		{8673C10B-0E8E-4061-BC51-453DB6B80E0D}.Release|x86.Build.0 = Release|Any CPU
		{DD3BDE6B-1D1F-4DB0-B3C7-F05E9A0F2A69}.Debug|Any CPU.ActiveCfg = Debug|Any CPU
		{DD3BDE6B-1D1F-4DB0-B3C7-F05E9A0F2A69}.Debug|Any CPU.Build.0 = Debug|Any CPU
		{DD3BDE6B-1D1F-4DB0-B3C7-F05E9A0F2A69}.Debug|x64.ActiveCfg = Debug|Any CPU
		{DD3BDE6B-1D1F-4DB0-B3C7-F05E9A0F2A69}.Debug|x64.Build.0 = Debug|Any CPU
		{DD3BDE6B-1D1F-4DB0-B3C7-F05E9A0F2A69}.Debug|x86.ActiveCfg = Debug|Any CPU
		{DD3BDE6B-1D1F-4DB0-B3C7-F05E9A0F2A69}.Debug|x86.Build.0 = Debug|Any CPU
		{DD3BDE6B-1D1F-4DB0-B3C7-F05E9A0F2A69}.Release|Any CPU.ActiveCfg = Release|Any CPU
		{DD3BDE6B-1D1F-4DB0-B3C7-F05E9A0F2A69}.Release|Any CPU.Build.0 = Release|Any CPU
		{DD3BDE6B-1D1F-4DB0-B3C7-F05E9A0F2A69}.Release|x64.ActiveCfg = Release|Any CPU
		{DD3BDE6B-1D1F-4DB0-B3C7-F05E9A0F2A69}.Release|x64.Build.0 = Release|Any CPU
		{DD3BDE6B-1D1F-4DB0-B3C7-F05E9A0F2A69}.Release|x86.ActiveCfg = Release|Any CPU
		{DD3BDE6B-1D1F-4DB0-B3C7-F05E9A0F2A69}.Release|x86.Build.0 = Release|Any CPU
		{B98BF4A9-3BEA-470A-9D6C-D951535EBE3B}.Debug|Any CPU.ActiveCfg = Debug|Any CPU
		{B98BF4A9-3BEA-470A-9D6C-D951535EBE3B}.Debug|Any CPU.Build.0 = Debug|Any CPU
		{B98BF4A9-3BEA-470A-9D6C-D951535EBE3B}.Debug|x64.ActiveCfg = Debug|Any CPU
		{B98BF4A9-3BEA-470A-9D6C-D951535EBE3B}.Debug|x64.Build.0 = Debug|Any CPU
		{B98BF4A9-3BEA-470A-9D6C-D951535EBE3B}.Debug|x86.ActiveCfg = Debug|Any CPU
		{B98BF4A9-3BEA-470A-9D6C-D951535EBE3B}.Debug|x86.Build.0 = Debug|Any CPU
		{B98BF4A9-3BEA-470A-9D6C-D951535EBE3B}.Release|Any CPU.ActiveCfg = Release|Any CPU
		{B98BF4A9-3BEA-470A-9D6C-D951535EBE3B}.Release|Any CPU.Build.0 = Release|Any CPU
		{B98BF4A9-3BEA-470A-9D6C-D951535EBE3B}.Release|x64.ActiveCfg = Release|Any CPU
		{B98BF4A9-3BEA-470A-9D6C-D951535EBE3B}.Release|x64.Build.0 = Release|Any CPU
		{B98BF4A9-3BEA-470A-9D6C-D951535EBE3B}.Release|x86.ActiveCfg = Release|Any CPU
		{B98BF4A9-3BEA-470A-9D6C-D951535EBE3B}.Release|x86.Build.0 = Release|Any CPU
		{55B37B4D-C4BD-40B9-A49F-D1A7704398CB}.Debug|Any CPU.ActiveCfg = Debug|Any CPU
		{55B37B4D-C4BD-40B9-A49F-D1A7704398CB}.Debug|Any CPU.Build.0 = Debug|Any CPU
		{55B37B4D-C4BD-40B9-A49F-D1A7704398CB}.Debug|x64.ActiveCfg = Debug|Any CPU
		{55B37B4D-C4BD-40B9-A49F-D1A7704398CB}.Debug|x64.Build.0 = Debug|Any CPU
		{55B37B4D-C4BD-40B9-A49F-D1A7704398CB}.Debug|x86.ActiveCfg = Debug|Any CPU
		{55B37B4D-C4BD-40B9-A49F-D1A7704398CB}.Debug|x86.Build.0 = Debug|Any CPU
		{55B37B4D-C4BD-40B9-A49F-D1A7704398CB}.Release|Any CPU.ActiveCfg = Release|Any CPU
		{55B37B4D-C4BD-40B9-A49F-D1A7704398CB}.Release|Any CPU.Build.0 = Release|Any CPU
		{55B37B4D-C4BD-40B9-A49F-D1A7704398CB}.Release|x64.ActiveCfg = Release|Any CPU
		{55B37B4D-C4BD-40B9-A49F-D1A7704398CB}.Release|x64.Build.0 = Release|Any CPU
		{55B37B4D-C4BD-40B9-A49F-D1A7704398CB}.Release|x86.ActiveCfg = Release|Any CPU
		{55B37B4D-C4BD-40B9-A49F-D1A7704398CB}.Release|x86.Build.0 = Release|Any CPU
		{1176A34C-1763-4A05-8E98-153C8F1A4EDC}.Debug|Any CPU.ActiveCfg = Debug|Any CPU
		{1176A34C-1763-4A05-8E98-153C8F1A4EDC}.Debug|Any CPU.Build.0 = Debug|Any CPU
		{1176A34C-1763-4A05-8E98-153C8F1A4EDC}.Debug|x64.ActiveCfg = Debug|Any CPU
		{1176A34C-1763-4A05-8E98-153C8F1A4EDC}.Debug|x64.Build.0 = Debug|Any CPU
		{1176A34C-1763-4A05-8E98-153C8F1A4EDC}.Debug|x86.ActiveCfg = Debug|Any CPU
		{1176A34C-1763-4A05-8E98-153C8F1A4EDC}.Debug|x86.Build.0 = Debug|Any CPU
		{1176A34C-1763-4A05-8E98-153C8F1A4EDC}.Release|Any CPU.ActiveCfg = Release|Any CPU
		{1176A34C-1763-4A05-8E98-153C8F1A4EDC}.Release|Any CPU.Build.0 = Release|Any CPU
		{1176A34C-1763-4A05-8E98-153C8F1A4EDC}.Release|x64.ActiveCfg = Release|Any CPU
		{1176A34C-1763-4A05-8E98-153C8F1A4EDC}.Release|x64.Build.0 = Release|Any CPU
		{1176A34C-1763-4A05-8E98-153C8F1A4EDC}.Release|x86.ActiveCfg = Release|Any CPU
		{1176A34C-1763-4A05-8E98-153C8F1A4EDC}.Release|x86.Build.0 = Release|Any CPU
		{D565D6EE-7E7D-4897-835F-2296329C6D4D}.Debug|Any CPU.ActiveCfg = Debug|Any CPU
		{D565D6EE-7E7D-4897-835F-2296329C6D4D}.Debug|Any CPU.Build.0 = Debug|Any CPU
		{D565D6EE-7E7D-4897-835F-2296329C6D4D}.Debug|x64.ActiveCfg = Debug|Any CPU
		{D565D6EE-7E7D-4897-835F-2296329C6D4D}.Debug|x64.Build.0 = Debug|Any CPU
		{D565D6EE-7E7D-4897-835F-2296329C6D4D}.Debug|x86.ActiveCfg = Debug|Any CPU
		{D565D6EE-7E7D-4897-835F-2296329C6D4D}.Debug|x86.Build.0 = Debug|Any CPU
		{D565D6EE-7E7D-4897-835F-2296329C6D4D}.Release|Any CPU.ActiveCfg = Release|Any CPU
		{D565D6EE-7E7D-4897-835F-2296329C6D4D}.Release|Any CPU.Build.0 = Release|Any CPU
		{D565D6EE-7E7D-4897-835F-2296329C6D4D}.Release|x64.ActiveCfg = Release|Any CPU
		{D565D6EE-7E7D-4897-835F-2296329C6D4D}.Release|x64.Build.0 = Release|Any CPU
		{D565D6EE-7E7D-4897-835F-2296329C6D4D}.Release|x86.ActiveCfg = Release|Any CPU
		{D565D6EE-7E7D-4897-835F-2296329C6D4D}.Release|x86.Build.0 = Release|Any CPU
		{2BC5DA5C-08D2-47A3-A2FA-B9F2A57B42A4}.Debug|Any CPU.ActiveCfg = Debug|Any CPU
		{2BC5DA5C-08D2-47A3-A2FA-B9F2A57B42A4}.Debug|Any CPU.Build.0 = Debug|Any CPU
		{2BC5DA5C-08D2-47A3-A2FA-B9F2A57B42A4}.Debug|x64.ActiveCfg = Debug|Any CPU
		{2BC5DA5C-08D2-47A3-A2FA-B9F2A57B42A4}.Debug|x64.Build.0 = Debug|Any CPU
		{2BC5DA5C-08D2-47A3-A2FA-B9F2A57B42A4}.Debug|x86.ActiveCfg = Debug|Any CPU
		{2BC5DA5C-08D2-47A3-A2FA-B9F2A57B42A4}.Debug|x86.Build.0 = Debug|Any CPU
		{2BC5DA5C-08D2-47A3-A2FA-B9F2A57B42A4}.Release|Any CPU.ActiveCfg = Release|Any CPU
		{2BC5DA5C-08D2-47A3-A2FA-B9F2A57B42A4}.Release|Any CPU.Build.0 = Release|Any CPU
		{2BC5DA5C-08D2-47A3-A2FA-B9F2A57B42A4}.Release|x64.ActiveCfg = Release|Any CPU
		{2BC5DA5C-08D2-47A3-A2FA-B9F2A57B42A4}.Release|x64.Build.0 = Release|Any CPU
		{2BC5DA5C-08D2-47A3-A2FA-B9F2A57B42A4}.Release|x86.ActiveCfg = Release|Any CPU
		{2BC5DA5C-08D2-47A3-A2FA-B9F2A57B42A4}.Release|x86.Build.0 = Release|Any CPU
		{8A47C39E-3326-4536-8FB2-80F894B1F30F}.Debug|Any CPU.ActiveCfg = Debug|Any CPU
		{8A47C39E-3326-4536-8FB2-80F894B1F30F}.Debug|Any CPU.Build.0 = Debug|Any CPU
		{8A47C39E-3326-4536-8FB2-80F894B1F30F}.Debug|x64.ActiveCfg = Debug|Any CPU
		{8A47C39E-3326-4536-8FB2-80F894B1F30F}.Debug|x64.Build.0 = Debug|Any CPU
		{8A47C39E-3326-4536-8FB2-80F894B1F30F}.Debug|x86.ActiveCfg = Debug|Any CPU
		{8A47C39E-3326-4536-8FB2-80F894B1F30F}.Debug|x86.Build.0 = Debug|Any CPU
		{8A47C39E-3326-4536-8FB2-80F894B1F30F}.Release|Any CPU.ActiveCfg = Release|Any CPU
		{8A47C39E-3326-4536-8FB2-80F894B1F30F}.Release|Any CPU.Build.0 = Release|Any CPU
		{8A47C39E-3326-4536-8FB2-80F894B1F30F}.Release|x64.ActiveCfg = Release|Any CPU
		{8A47C39E-3326-4536-8FB2-80F894B1F30F}.Release|x64.Build.0 = Release|Any CPU
		{8A47C39E-3326-4536-8FB2-80F894B1F30F}.Release|x86.ActiveCfg = Release|Any CPU
		{8A47C39E-3326-4536-8FB2-80F894B1F30F}.Release|x86.Build.0 = Release|Any CPU
		{92607C58-5B89-47A1-932A-30CCACA883C4}.Debug|Any CPU.ActiveCfg = Debug|Any CPU
		{92607C58-5B89-47A1-932A-30CCACA883C4}.Debug|Any CPU.Build.0 = Debug|Any CPU
		{92607C58-5B89-47A1-932A-30CCACA883C4}.Debug|x64.ActiveCfg = Debug|Any CPU
		{92607C58-5B89-47A1-932A-30CCACA883C4}.Debug|x64.Build.0 = Debug|Any CPU
		{92607C58-5B89-47A1-932A-30CCACA883C4}.Debug|x86.ActiveCfg = Debug|Any CPU
		{92607C58-5B89-47A1-932A-30CCACA883C4}.Debug|x86.Build.0 = Debug|Any CPU
		{92607C58-5B89-47A1-932A-30CCACA883C4}.Release|Any CPU.ActiveCfg = Release|Any CPU
		{92607C58-5B89-47A1-932A-30CCACA883C4}.Release|Any CPU.Build.0 = Release|Any CPU
		{92607C58-5B89-47A1-932A-30CCACA883C4}.Release|x64.ActiveCfg = Release|Any CPU
		{92607C58-5B89-47A1-932A-30CCACA883C4}.Release|x64.Build.0 = Release|Any CPU
		{92607C58-5B89-47A1-932A-30CCACA883C4}.Release|x86.ActiveCfg = Release|Any CPU
		{92607C58-5B89-47A1-932A-30CCACA883C4}.Release|x86.Build.0 = Release|Any CPU
		{2772EF4A-9E1F-4F3D-ADC5-7BA3F075BCAF}.Debug|Any CPU.ActiveCfg = Debug|Any CPU
		{2772EF4A-9E1F-4F3D-ADC5-7BA3F075BCAF}.Debug|Any CPU.Build.0 = Debug|Any CPU
		{2772EF4A-9E1F-4F3D-ADC5-7BA3F075BCAF}.Debug|x64.ActiveCfg = Debug|Any CPU
		{2772EF4A-9E1F-4F3D-ADC5-7BA3F075BCAF}.Debug|x64.Build.0 = Debug|Any CPU
		{2772EF4A-9E1F-4F3D-ADC5-7BA3F075BCAF}.Debug|x86.ActiveCfg = Debug|Any CPU
		{2772EF4A-9E1F-4F3D-ADC5-7BA3F075BCAF}.Debug|x86.Build.0 = Debug|Any CPU
		{2772EF4A-9E1F-4F3D-ADC5-7BA3F075BCAF}.Release|Any CPU.ActiveCfg = Release|Any CPU
		{2772EF4A-9E1F-4F3D-ADC5-7BA3F075BCAF}.Release|Any CPU.Build.0 = Release|Any CPU
		{2772EF4A-9E1F-4F3D-ADC5-7BA3F075BCAF}.Release|x64.ActiveCfg = Release|Any CPU
		{2772EF4A-9E1F-4F3D-ADC5-7BA3F075BCAF}.Release|x64.Build.0 = Release|Any CPU
		{2772EF4A-9E1F-4F3D-ADC5-7BA3F075BCAF}.Release|x86.ActiveCfg = Release|Any CPU
		{2772EF4A-9E1F-4F3D-ADC5-7BA3F075BCAF}.Release|x86.Build.0 = Release|Any CPU
		{3234B0DC-3C65-464A-A012-17979DEF6774}.Debug|Any CPU.ActiveCfg = Debug|Any CPU
		{3234B0DC-3C65-464A-A012-17979DEF6774}.Debug|Any CPU.Build.0 = Debug|Any CPU
		{3234B0DC-3C65-464A-A012-17979DEF6774}.Debug|x64.ActiveCfg = Debug|Any CPU
		{3234B0DC-3C65-464A-A012-17979DEF6774}.Debug|x64.Build.0 = Debug|Any CPU
		{3234B0DC-3C65-464A-A012-17979DEF6774}.Debug|x86.ActiveCfg = Debug|Any CPU
		{3234B0DC-3C65-464A-A012-17979DEF6774}.Debug|x86.Build.0 = Debug|Any CPU
		{3234B0DC-3C65-464A-A012-17979DEF6774}.Release|Any CPU.ActiveCfg = Release|Any CPU
		{3234B0DC-3C65-464A-A012-17979DEF6774}.Release|Any CPU.Build.0 = Release|Any CPU
		{3234B0DC-3C65-464A-A012-17979DEF6774}.Release|x64.ActiveCfg = Release|Any CPU
		{3234B0DC-3C65-464A-A012-17979DEF6774}.Release|x64.Build.0 = Release|Any CPU
		{3234B0DC-3C65-464A-A012-17979DEF6774}.Release|x86.ActiveCfg = Release|Any CPU
		{3234B0DC-3C65-464A-A012-17979DEF6774}.Release|x86.Build.0 = Release|Any CPU
		{9777CD76-00CA-4E93-A3C6-8CBD35BB7D98}.Debug|Any CPU.ActiveCfg = Debug|Any CPU
		{9777CD76-00CA-4E93-A3C6-8CBD35BB7D98}.Debug|Any CPU.Build.0 = Debug|Any CPU
		{9777CD76-00CA-4E93-A3C6-8CBD35BB7D98}.Debug|x64.ActiveCfg = Debug|Any CPU
		{9777CD76-00CA-4E93-A3C6-8CBD35BB7D98}.Debug|x64.Build.0 = Debug|Any CPU
		{9777CD76-00CA-4E93-A3C6-8CBD35BB7D98}.Debug|x86.ActiveCfg = Debug|Any CPU
		{9777CD76-00CA-4E93-A3C6-8CBD35BB7D98}.Debug|x86.Build.0 = Debug|Any CPU
		{9777CD76-00CA-4E93-A3C6-8CBD35BB7D98}.Release|Any CPU.ActiveCfg = Release|Any CPU
		{9777CD76-00CA-4E93-A3C6-8CBD35BB7D98}.Release|Any CPU.Build.0 = Release|Any CPU
		{9777CD76-00CA-4E93-A3C6-8CBD35BB7D98}.Release|x64.ActiveCfg = Release|Any CPU
		{9777CD76-00CA-4E93-A3C6-8CBD35BB7D98}.Release|x64.Build.0 = Release|Any CPU
		{9777CD76-00CA-4E93-A3C6-8CBD35BB7D98}.Release|x86.ActiveCfg = Release|Any CPU
		{9777CD76-00CA-4E93-A3C6-8CBD35BB7D98}.Release|x86.Build.0 = Release|Any CPU
	EndGlobalSection
	GlobalSection(SolutionProperties) = preSolution
		HideSolutionNode = FALSE
	EndGlobalSection
	GlobalSection(NestedProjects) = preSolution
		{FE1891F5-A9C2-4E31-ABFD-10109B36BBB8} = {90E8A277-9D6C-4434-8A8C-12286472BD55}
		{157992D6-AB19-4683-8AF4-E5B98E24DEE9} = {83997E86-616B-4C40-9BB3-77AA805BDD4C}
		{E31861FC-2D07-4701-BBA2-C7F56533C22E} = {3A74015A-1282-4F3E-8A14-B302FB8CFFA9}
		{7E0A1FCB-7DC6-47EA-A366-C70FEAB62B4C} = {B0C380B6-77AA-4917-9EA4-4A181AE92B87}
		{BA9C6363-2035-452C-8EF5-7C09DDEB4EC5} = {B0C380B6-77AA-4917-9EA4-4A181AE92B87}
		{4A280A93-4914-44D1-938C-2CECEBAB9167} = {B0C380B6-77AA-4917-9EA4-4A181AE92B87}
		{6E7BD2FA-2A63-4441-9F32-48BA2436820B} = {B0C380B6-77AA-4917-9EA4-4A181AE92B87}
		{C0C6331E-1BD3-4438-BCD8-8BDAC521DA63} = {B0C380B6-77AA-4917-9EA4-4A181AE92B87}
		{FE653362-7574-4731-AE5C-D83376CDD90F} = {0C58E8F6-A6E7-4951-8A51-91F580B7E110}
		{13B07524-BD0B-474F-B0EF-65A5E22BA589} = {0C58E8F6-A6E7-4951-8A51-91F580B7E110}
		{60785C6A-7BF6-471D-9D89-A2B8790BBA75} = {0C58E8F6-A6E7-4951-8A51-91F580B7E110}
		{EA4CE1B9-6A25-4491-8B87-421F63521C92} = {83997E86-616B-4C40-9BB3-77AA805BDD4C}
		{8673C10B-0E8E-4061-BC51-453DB6B80E0D} = {83997E86-616B-4C40-9BB3-77AA805BDD4C}
		{DD3BDE6B-1D1F-4DB0-B3C7-F05E9A0F2A69} = {83997E86-616B-4C40-9BB3-77AA805BDD4C}
		{B98BF4A9-3BEA-470A-9D6C-D951535EBE3B} = {83997E86-616B-4C40-9BB3-77AA805BDD4C}
		{55B37B4D-C4BD-40B9-A49F-D1A7704398CB} = {83997E86-616B-4C40-9BB3-77AA805BDD4C}
		{1176A34C-1763-4A05-8E98-153C8F1A4EDC} = {83997E86-616B-4C40-9BB3-77AA805BDD4C}
		{D565D6EE-7E7D-4897-835F-2296329C6D4D} = {83997E86-616B-4C40-9BB3-77AA805BDD4C}
		{2BC5DA5C-08D2-47A3-A2FA-B9F2A57B42A4} = {83997E86-616B-4C40-9BB3-77AA805BDD4C}
		{8A47C39E-3326-4536-8FB2-80F894B1F30F} = {1A42B0C5-1101-44E1-A9D6-CC94319705AE}
		{92607C58-5B89-47A1-932A-30CCACA883C4} = {83997E86-616B-4C40-9BB3-77AA805BDD4C}
		{2772EF4A-9E1F-4F3D-ADC5-7BA3F075BCAF} = {1A42B0C5-1101-44E1-A9D6-CC94319705AE}
		{3234B0DC-3C65-464A-A012-17979DEF6774} = {1A42B0C5-1101-44E1-A9D6-CC94319705AE}
		{9777CD76-00CA-4E93-A3C6-8CBD35BB7D98} = {E550442C-98D5-430C-9DE8-22E97C99614C}
	EndGlobalSection
	GlobalSection(ExtensibilityGlobals) = postSolution
		SolutionGuid = {9DAB230D-4F3C-4230-9C72-C8B5198E2064}
	EndGlobalSection
EndGlobal
