
Microsoft Visual Studio Solution File, Format Version 12.00
# Visual Studio Version 16
VisualStudioVersion = 16.0.31019.35
MinimumVisualStudioVersion = 10.0.40219.1
Project("{FAE04EC0-301F-11D3-BF4B-00C04F79EFBC}") = "MigrationSample", "MigrationSample.csproj", "{7CE7A03D-2DD2-475F-AFCA-976BD705F784}"
EndProject
Global
	GlobalSection(SolutionConfigurationPlatforms) = preSolution
		Debug|Any CPU = Debug|Any CPU
		Release|Any CPU = Release|Any CPU
	EndGlobalSection
	GlobalSection(ProjectConfigurationPlatforms) = postSolution
		{7CE7A03D-2DD2-475F-AFCA-976BD705F784}.Debug|Any CPU.ActiveCfg = Debug|Any CPU
		{7CE7A03D-2DD2-475F-AFCA-976BD705F784}.Debug|Any CPU.Build.0 = Debug|Any CPU
		{7CE7A03D-2DD2-475F-AFCA-976BD705F784}.Release|Any CPU.ActiveCfg = Release|Any CPU
		{7CE7A03D-2DD2-475F-AFCA-976BD705F784}.Release|Any CPU.Build.0 = Release|Any CPU
	EndGlobalSection
	GlobalSection(SolutionProperties) = preSolution
		HideSolutionNode = FALSE
	EndGlobalSection
	GlobalSection(ExtensibilityGlobals) = postSolution
		EnterpriseLibraryConfigurationToolBinariesPath = packages\TransientFaultHandling.Core.5.1.1209.1\lib\NET4
		SolutionGuid = {3FCA6F90-C9DF-4502-8472-5B11A430743B}
	EndGlobalSection
EndGlobal
